{
  "version": 4,
  "terraform_version": "1.4.2",
  "serial": 171,
  "lineage": "ec0da91c-8e67-eca2-2960-6ed45cdc7b21",
  "outputs": {},
  "resources": [
    {
      "mode": "data",
      "type": "yandex_compute_image",
      "name": "ubuntu",
      "provider": "provider[\"registry.terraform.io/yandex-cloud/yandex\"]",
      "instances": [
        {
          "schema_version": 0,
          "attributes": {
            "created_at": "2023-01-30T10:49:58Z",
            "description": "ubuntu 20.04 lts",
            "family": "ubuntu-2004-lts",
            "folder_id": "standard-images",
            "id": "fd8snjpoq85qqv0mk9gi",
            "image_id": "fd8snjpoq85qqv0mk9gi",
            "labels": {},
            "min_disk_size": 5,
            "name": "ubuntu-20-04-lts-v20230130",
            "os_type": "linux",
            "pooled": true,
            "product_ids": [
              "f2eb05obffng2supgqli"
            ],
            "size": 3,
            "status": "ready"
          },
          "sensitive_attributes": []
        }
      ]
    },
    {
      "mode": "data",
      "type": "yandex_compute_image",
      "name": "ubuntu-each",
      "provider": "provider[\"registry.terraform.io/yandex-cloud/yandex\"]",
      "instances": [
        {
          "schema_version": 0,
          "attributes": {
            "created_at": "2023-01-30T10:49:58Z",
            "description": "ubuntu 20.04 lts",
            "family": "ubuntu-2004-lts",
            "folder_id": "standard-images",
            "id": "fd8snjpoq85qqv0mk9gi",
            "image_id": "fd8snjpoq85qqv0mk9gi",
            "labels": {},
            "min_disk_size": 5,
            "name": "ubuntu-20-04-lts-v20230130",
            "os_type": "linux",
            "pooled": true,
            "product_ids": [
              "f2eb05obffng2supgqli"
            ],
            "size": 3,
            "status": "ready"
          },
          "sensitive_attributes": []
        }
      ]
    },
    {
      "mode": "data",
      "type": "yandex_compute_image",
      "name": "ubuntu-new",
      "provider": "provider[\"registry.terraform.io/yandex-cloud/yandex\"]",
      "instances": [
        {
          "schema_version": 0,
          "attributes": {
            "created_at": "2023-01-30T10:49:58Z",
            "description": "ubuntu 20.04 lts",
            "family": "ubuntu-2004-lts",
            "folder_id": "standard-images",
            "id": "fd8snjpoq85qqv0mk9gi",
            "image_id": "fd8snjpoq85qqv0mk9gi",
            "labels": {},
            "min_disk_size": 5,
            "name": "ubuntu-20-04-lts-v20230130",
            "os_type": "linux",
            "pooled": true,
            "product_ids": [
              "f2eb05obffng2supgqli"
            ],
            "size": 3,
            "status": "ready"
          },
          "sensitive_attributes": []
        }
      ]
    },
    {
      "mode": "managed",
      "type": "yandex_compute_disk",
      "name": "disk",
      "provider": "provider[\"registry.terraform.io/yandex-cloud/yandex\"]",
      "instances": [
        {
          "index_key": 0,
          "schema_version": 0,
          "attributes": {
            "allow_recreate": null,
            "block_size": 4096,
            "created_at": "2023-03-29T14:39:12Z",
            "description": "",
            "disk_placement_policy": [
              {
                "disk_placement_group_id": ""
              }
            ],
            "folder_id": "b1gch5k5t1moacc510m8",
            "id": "fhmfhtnimd7gv2mt1j8j",
            "image_id": "",
            "labels": null,
            "name": "disk-1",
            "product_ids": [],
            "size": 1,
            "snapshot_id": "",
            "status": "ready",
            "timeouts": null,
            "type": "network-hdd",
            "zone": "ru-central1-a"
          },
          "sensitive_attributes": [],
          "private": "eyJlMmJmYjczMC1lY2FhLTExZTYtOGY4OC0zNDM2M2JjN2M0YzAiOnsiY3JlYXRlIjozMDAwMDAwMDAwMDAsImRlbGV0ZSI6MzAwMDAwMDAwMDAwLCJ1cGRhdGUiOjMwMDAwMDAwMDAwMH19"
        },
        {
          "index_key": 1,
          "schema_version": 0,
          "attributes": {
            "allow_recreate": null,
            "block_size": 4096,
            "created_at": "2023-03-29T14:39:12Z",
            "description": "",
            "disk_placement_policy": [
              {
                "disk_placement_group_id": ""
              }
            ],
            "folder_id": "b1gch5k5t1moacc510m8",
            "id": "fhmsdl9c2efovenaqjam",
            "image_id": "",
            "labels": null,
            "name": "disk-2",
            "product_ids": [],
            "size": 1,
            "snapshot_id": "",
            "status": "ready",
            "timeouts": null,
            "type": "network-hdd",
            "zone": "ru-central1-a"
          },
          "sensitive_attributes": [],
          "private": "eyJlMmJmYjczMC1lY2FhLTExZTYtOGY4OC0zNDM2M2JjN2M0YzAiOnsiY3JlYXRlIjozMDAwMDAwMDAwMDAsImRlbGV0ZSI6MzAwMDAwMDAwMDAwLCJ1cGRhdGUiOjMwMDAwMDAwMDAwMH19"
        },
        {
          "index_key": 2,
          "schema_version": 0,
          "attributes": {
            "allow_recreate": null,
            "block_size": 4096,
            "created_at": "2023-03-29T14:39:12Z",
            "description": "",
            "disk_placement_policy": [
              {
                "disk_placement_group_id": ""
              }
            ],
            "folder_id": "b1gch5k5t1moacc510m8",
            "id": "fhm55unsl4mpep4om48r",
            "image_id": "",
            "labels": null,
            "name": "disk-3",
            "product_ids": [],
            "size": 1,
            "snapshot_id": "",
            "status": "ready",
            "timeouts": null,
            "type": "network-hdd",
            "zone": "ru-central1-a"
          },
          "sensitive_attributes": [],
          "private": "eyJlMmJmYjczMC1lY2FhLTExZTYtOGY4OC0zNDM2M2JjN2M0YzAiOnsiY3JlYXRlIjozMDAwMDAwMDAwMDAsImRlbGV0ZSI6MzAwMDAwMDAwMDAwLCJ1cGRhdGUiOjMwMDAwMDAwMDAwMH19"
        }
      ]
    },
    {
      "mode": "managed",
      "type": "yandex_compute_instance",
      "name": "develop",
      "provider": "provider[\"registry.terraform.io/yandex-cloud/yandex\"]",
      "instances": [
        {
          "index_key": 0,
          "schema_version": 1,
          "attributes": {
            "allow_recreate": null,
            "allow_stopping_for_update": true,
            "boot_disk": [
              {
                "auto_delete": true,
                "device_name": "fhmei4ko86ti55t0akom",
                "disk_id": "fhmei4ko86ti55t0akom",
                "initialize_params": [
                  {
                    "block_size": 4096,
                    "description": "",
                    "image_id": "fd8snjpoq85qqv0mk9gi",
                    "name": "",
                    "size": 5,
                    "snapshot_id": "",
                    "type": "network-hdd"
                  }
                ],
                "mode": "READ_WRITE"
              }
            ],
            "created_at": "2023-03-29T14:39:14Z",
            "description": "",
            "filesystem": [],
            "folder_id": "b1gch5k5t1moacc510m8",
            "fqdn": "fhmoukdsibn39rch5dvh.auto.internal",
            "gpu_cluster_id": "",
            "hostname": "",
            "id": "fhmoukdsibn39rch5dvh",
            "labels": null,
            "local_disk": [],
            "metadata": {
              "ssh-keys": "ubuntu:ssh-rsa AAAAB3NzaC1yc2EAAAADAQABAAABgQDRWa6iVxkFB+h+gZqKfCg7R+ZJFnYdUA1liaAAv0MpByHj1gH4kYYcPtV5qZeBk3nHN2iTDTgmruKKqSXFVUD0w0VZT9xLbIXqnGK1CYuGaTsv7EuxY/78/1na6D66uVWvRTK+Nqh5bOUiomEX4QPhtSp183Klgy1x2o0gEKtVTxlOlttIZ9aY0vVXq5x7J1QTzCq/DDSQC5USkC4Tok/y9fLMjw2LyGtpgnOoZtWIbt/uMN0v3cfR925Ow7ZKNSsKK26B5A3hFyL/zje07hnQl7+ABUUbZMopBxLyujybAMD2oUTzrGvBBLunA7h8lvj3gyqWDbMSuBWXWJbOIi6TSWQdFG2DslBj4eMFt7Hf/EeUvQPtHEbU/RNnaBnTBn/mm8xcQSj43McqGgq4HGvJ6pwthZrlF03Lc4/+OtcLONIb7tsyin0cKLiec4mT5eIMy81ES7Al8/z2ttMrisWmaWHMupKA3wGXWV6SCygmmDbvmV4rxPVrR2M8hAoJK5M= bonanzza@bonanzza\n"
            },
            "metadata_options": [
              {
                "aws_v1_http_endpoint": 1,
                "aws_v1_http_token": 2,
                "gce_http_endpoint": 1,
                "gce_http_token": 1
              }
            ],
            "name": "netology-develop-platform-web-0",
            "network_acceleration_type": "standard",
            "network_interface": [
              {
                "dns_record": [],
                "index": 0,
                "ip_address": "10.0.1.12",
                "ipv4": true,
                "ipv6": false,
                "ipv6_address": "",
                "ipv6_dns_record": [],
                "mac_address": "d0:0d:18:f5:1b:c9",
                "nat": true,
                "nat_dns_record": [],
                "nat_ip_address": "62.84.116.48",
                "nat_ip_version": "IPV4",
                "security_group_ids": [],
                "subnet_id": "e9bu8bckokbuuiifd366"
              }
            ],
            "placement_policy": [
              {
                "host_affinity_rules": [],
                "placement_group_id": ""
              }
            ],
            "platform_id": "standard-v1",
            "resources": [
              {
                "core_fraction": 20,
                "cores": 2,
                "gpus": 0,
                "memory": 1
              }
            ],
            "scheduling_policy": [
              {
                "preemptible": true
              }
            ],
            "secondary_disk": [],
            "service_account_id": "",
            "status": "running",
            "timeouts": null,
            "zone": "ru-central1-a"
          },
          "sensitive_attributes": [],
          "private": "eyJlMmJmYjczMC1lY2FhLTExZTYtOGY4OC0zNDM2M2JjN2M0YzAiOnsiY3JlYXRlIjozMDAwMDAwMDAwMDAsImRlbGV0ZSI6MzAwMDAwMDAwMDAwLCJ1cGRhdGUiOjMwMDAwMDAwMDAwMH0sInNjaGVtYV92ZXJzaW9uIjoiMSJ9",
          "dependencies": [
            "data.yandex_compute_image.ubuntu",
            "yandex_vpc_network.develop",
            "yandex_vpc_subnet.develop"
          ]
        },
        {
          "index_key": 1,
          "schema_version": 1,
          "attributes": {
            "allow_recreate": null,
            "allow_stopping_for_update": true,
            "boot_disk": [
              {
                "auto_delete": true,
                "device_name": "fhmc6p5hmaj29ulhsdqk",
                "disk_id": "fhmc6p5hmaj29ulhsdqk",
                "initialize_params": [
                  {
                    "block_size": 4096,
                    "description": "",
                    "image_id": "fd8snjpoq85qqv0mk9gi",
                    "name": "",
                    "size": 5,
                    "snapshot_id": "",
                    "type": "network-hdd"
                  }
                ],
                "mode": "READ_WRITE"
              }
            ],
            "created_at": "2023-03-29T14:39:14Z",
            "description": "",
            "filesystem": [],
            "folder_id": "b1gch5k5t1moacc510m8",
            "fqdn": "fhmk5cqf7giolfboticc.auto.internal",
            "gpu_cluster_id": "",
            "hostname": "",
            "id": "fhmk5cqf7giolfboticc",
            "labels": null,
            "local_disk": [],
            "metadata": {
              "ssh-keys": "ubuntu:ssh-rsa AAAAB3NzaC1yc2EAAAADAQABAAABgQDRWa6iVxkFB+h+gZqKfCg7R+ZJFnYdUA1liaAAv0MpByHj1gH4kYYcPtV5qZeBk3nHN2iTDTgmruKKqSXFVUD0w0VZT9xLbIXqnGK1CYuGaTsv7EuxY/78/1na6D66uVWvRTK+Nqh5bOUiomEX4QPhtSp183Klgy1x2o0gEKtVTxlOlttIZ9aY0vVXq5x7J1QTzCq/DDSQC5USkC4Tok/y9fLMjw2LyGtpgnOoZtWIbt/uMN0v3cfR925Ow7ZKNSsKK26B5A3hFyL/zje07hnQl7+ABUUbZMopBxLyujybAMD2oUTzrGvBBLunA7h8lvj3gyqWDbMSuBWXWJbOIi6TSWQdFG2DslBj4eMFt7Hf/EeUvQPtHEbU/RNnaBnTBn/mm8xcQSj43McqGgq4HGvJ6pwthZrlF03Lc4/+OtcLONIb7tsyin0cKLiec4mT5eIMy81ES7Al8/z2ttMrisWmaWHMupKA3wGXWV6SCygmmDbvmV4rxPVrR2M8hAoJK5M= bonanzza@bonanzza\n"
            },
            "metadata_options": [
              {
                "aws_v1_http_endpoint": 1,
                "aws_v1_http_token": 2,
                "gce_http_endpoint": 1,
                "gce_http_token": 1
              }
            ],
            "name": "netology-develop-platform-web-1",
            "network_acceleration_type": "standard",
            "network_interface": [
              {
                "dns_record": [],
                "index": 0,
                "ip_address": "10.0.1.16",
                "ipv4": true,
                "ipv6": false,
                "ipv6_address": "",
                "ipv6_dns_record": [],
                "mac_address": "d0:0d:14:2b:34:f3",
                "nat": true,
                "nat_dns_record": [],
                "nat_ip_address": "158.160.52.183",
                "nat_ip_version": "IPV4",
                "security_group_ids": [],
                "subnet_id": "e9bu8bckokbuuiifd366"
              }
            ],
            "placement_policy": [
              {
                "host_affinity_rules": [],
                "placement_group_id": ""
              }
            ],
            "platform_id": "standard-v1",
            "resources": [
              {
                "core_fraction": 20,
                "cores": 2,
                "gpus": 0,
                "memory": 1
              }
            ],
            "scheduling_policy": [
              {
                "preemptible": true
              }
            ],
            "secondary_disk": [],
            "service_account_id": "",
            "status": "running",
            "timeouts": null,
            "zone": "ru-central1-a"
          },
          "sensitive_attributes": [],
          "private": "eyJlMmJmYjczMC1lY2FhLTExZTYtOGY4OC0zNDM2M2JjN2M0YzAiOnsiY3JlYXRlIjozMDAwMDAwMDAwMDAsImRlbGV0ZSI6MzAwMDAwMDAwMDAwLCJ1cGRhdGUiOjMwMDAwMDAwMDAwMH0sInNjaGVtYV92ZXJzaW9uIjoiMSJ9",
          "dependencies": [
            "data.yandex_compute_image.ubuntu",
            "yandex_vpc_network.develop",
            "yandex_vpc_subnet.develop"
          ]
        }
      ]
    },
    {
      "mode": "managed",
      "type": "yandex_compute_instance",
      "name": "vm-for-each",
      "provider": "provider[\"registry.terraform.io/yandex-cloud/yandex\"]",
      "instances": [
        {
          "index_key": "vm-1",
          "schema_version": 1,
          "attributes": {
            "allow_recreate": null,
            "allow_stopping_for_update": null,
            "boot_disk": [
              {
                "auto_delete": true,
                "device_name": "fhmdprf3oj089f9d40cc",
                "disk_id": "fhmdprf3oj089f9d40cc",
                "initialize_params": [
                  {
                    "block_size": 4096,
                    "description": "",
                    "image_id": "fd8snjpoq85qqv0mk9gi",
                    "name": "",
                    "size": 5,
                    "snapshot_id": "",
                    "type": "network-hdd"
                  }
                ],
                "mode": "READ_WRITE"
              }
            ],
            "created_at": "2023-03-29T14:39:51Z",
            "description": "",
            "filesystem": [],
            "folder_id": "b1gch5k5t1moacc510m8",
            "fqdn": "fhmg5m32rqabvppun1f1.auto.internal",
            "gpu_cluster_id": "",
            "hostname": "",
            "id": "fhmg5m32rqabvppun1f1",
            "labels": null,
            "local_disk": [],
            "metadata": {
              "ssh-keys": "ubuntu:ssh-rsa AAAAB3NzaC1yc2EAAAADAQABAAABgQDRWa6iVxkFB+h+gZqKfCg7R+ZJFnYdUA1liaAAv0MpByHj1gH4kYYcPtV5qZeBk3nHN2iTDTgmruKKqSXFVUD0w0VZT9xLbIXqnGK1CYuGaTsv7EuxY/78/1na6D66uVWvRTK+Nqh5bOUiomEX4QPhtSp183Klgy1x2o0gEKtVTxlOlttIZ9aY0vVXq5x7J1QTzCq/DDSQC5USkC4Tok/y9fLMjw2LyGtpgnOoZtWIbt/uMN0v3cfR925Ow7ZKNSsKK26B5A3hFyL/zje07hnQl7+ABUUbZMopBxLyujybAMD2oUTzrGvBBLunA7h8lvj3gyqWDbMSuBWXWJbOIi6TSWQdFG2DslBj4eMFt7Hf/EeUvQPtHEbU/RNnaBnTBn/mm8xcQSj43McqGgq4HGvJ6pwthZrlF03Lc4/+OtcLONIb7tsyin0cKLiec4mT5eIMy81ES7Al8/z2ttMrisWmaWHMupKA3wGXWV6SCygmmDbvmV4rxPVrR2M8hAoJK5M= bonanzza@bonanzza\n"
            },
            "metadata_options": [
              {
                "aws_v1_http_endpoint": 1,
                "aws_v1_http_token": 2,
                "gce_http_endpoint": 1,
                "gce_http_token": 1
              }
            ],
            "name": "vm-1",
            "network_acceleration_type": "standard",
            "network_interface": [
              {
                "dns_record": [],
                "index": 0,
                "ip_address": "10.0.1.27",
                "ipv4": true,
                "ipv6": false,
                "ipv6_address": "",
                "ipv6_dns_record": [],
                "mac_address": "d0:0d:10:2d:86:2d",
                "nat": true,
                "nat_dns_record": [],
                "nat_ip_address": "51.250.76.76",
                "nat_ip_version": "IPV4",
                "security_group_ids": [],
                "subnet_id": "e9bu8bckokbuuiifd366"
              }
            ],
            "placement_policy": [
              {
                "host_affinity_rules": [],
                "placement_group_id": ""
              }
            ],
            "platform_id": "standard-v1",
            "resources": [
              {
                "core_fraction": 100,
                "cores": 2,
                "gpus": 0,
                "memory": 4
              }
            ],
            "scheduling_policy": [
              {
                "preemptible": false
              }
            ],
            "secondary_disk": [],
            "service_account_id": "",
            "status": "running",
            "timeouts": null,
            "zone": "ru-central1-a"
          },
          "sensitive_attributes": [],
          "private": "eyJlMmJmYjczMC1lY2FhLTExZTYtOGY4OC0zNDM2M2JjN2M0YzAiOnsiY3JlYXRlIjozMDAwMDAwMDAwMDAsImRlbGV0ZSI6MzAwMDAwMDAwMDAwLCJ1cGRhdGUiOjMwMDAwMDAwMDAwMH0sInNjaGVtYV92ZXJzaW9uIjoiMSJ9",
          "dependencies": [
            "data.yandex_compute_image.ubuntu",
            "yandex_compute_instance.develop",
            "yandex_vpc_network.develop",
            "yandex_vpc_subnet.develop"
          ]
        },
        {
          "index_key": "vm-2",
          "schema_version": 1,
          "attributes": {
            "allow_recreate": null,
            "allow_stopping_for_update": null,
            "boot_disk": [
              {
                "auto_delete": true,
                "device_name": "fhmt5a99hathdr6soipm",
                "disk_id": "fhmt5a99hathdr6soipm",
                "initialize_params": [
                  {
                    "block_size": 4096,
                    "description": "",
                    "image_id": "fd8snjpoq85qqv0mk9gi",
                    "name": "",
                    "size": 5,
                    "snapshot_id": "",
                    "type": "network-hdd"
                  }
                ],
                "mode": "READ_WRITE"
              }
            ],
            "created_at": "2023-03-29T14:39:51Z",
            "description": "",
            "filesystem": [],
            "folder_id": "b1gch5k5t1moacc510m8",
            "fqdn": "fhmbapln0tel2t2oe6hr.auto.internal",
            "gpu_cluster_id": "",
            "hostname": "",
            "id": "fhmbapln0tel2t2oe6hr",
            "labels": null,
            "local_disk": [],
            "metadata": {
              "ssh-keys": "ubuntu:ssh-rsa AAAAB3NzaC1yc2EAAAADAQABAAABgQDRWa6iVxkFB+h+gZqKfCg7R+ZJFnYdUA1liaAAv0MpByHj1gH4kYYcPtV5qZeBk3nHN2iTDTgmruKKqSXFVUD0w0VZT9xLbIXqnGK1CYuGaTsv7EuxY/78/1na6D66uVWvRTK+Nqh5bOUiomEX4QPhtSp183Klgy1x2o0gEKtVTxlOlttIZ9aY0vVXq5x7J1QTzCq/DDSQC5USkC4Tok/y9fLMjw2LyGtpgnOoZtWIbt/uMN0v3cfR925Ow7ZKNSsKK26B5A3hFyL/zje07hnQl7+ABUUbZMopBxLyujybAMD2oUTzrGvBBLunA7h8lvj3gyqWDbMSuBWXWJbOIi6TSWQdFG2DslBj4eMFt7Hf/EeUvQPtHEbU/RNnaBnTBn/mm8xcQSj43McqGgq4HGvJ6pwthZrlF03Lc4/+OtcLONIb7tsyin0cKLiec4mT5eIMy81ES7Al8/z2ttMrisWmaWHMupKA3wGXWV6SCygmmDbvmV4rxPVrR2M8hAoJK5M= bonanzza@bonanzza\n"
            },
            "metadata_options": [
              {
                "aws_v1_http_endpoint": 1,
                "aws_v1_http_token": 2,
                "gce_http_endpoint": 1,
                "gce_http_token": 1
              }
            ],
            "name": "vm-2",
            "network_acceleration_type": "standard",
            "network_interface": [
              {
                "dns_record": [],
                "index": 0,
                "ip_address": "10.0.1.28",
                "ipv4": true,
                "ipv6": false,
                "ipv6_address": "",
                "ipv6_dns_record": [],
                "mac_address": "d0:0d:b5:66:b7:07",
                "nat": true,
                "nat_dns_record": [],
                "nat_ip_address": "178.154.201.64",
                "nat_ip_version": "IPV4",
                "security_group_ids": [],
                "subnet_id": "e9bu8bckokbuuiifd366"
              }
            ],
            "placement_policy": [
              {
                "host_affinity_rules": [],
                "placement_group_id": ""
              }
            ],
            "platform_id": "standard-v1",
            "resources": [
              {
                "core_fraction": 100,
                "cores": 4,
                "gpus": 0,
                "memory": 8
              }
            ],
            "scheduling_policy": [
              {
                "preemptible": false
              }
            ],
            "secondary_disk": [],
            "service_account_id": "",
            "status": "running",
            "timeouts": null,
            "zone": "ru-central1-a"
          },
          "sensitive_attributes": [],
          "private": "eyJlMmJmYjczMC1lY2FhLTExZTYtOGY4OC0zNDM2M2JjN2M0YzAiOnsiY3JlYXRlIjozMDAwMDAwMDAwMDAsImRlbGV0ZSI6MzAwMDAwMDAwMDAwLCJ1cGRhdGUiOjMwMDAwMDAwMDAwMH0sInNjaGVtYV92ZXJzaW9uIjoiMSJ9",
          "dependencies": [
            "data.yandex_compute_image.ubuntu",
            "yandex_compute_instance.develop",
            "yandex_vpc_network.develop",
            "yandex_vpc_subnet.develop"
          ]
        }
      ]
    },
    {
      "mode": "managed",
      "type": "yandex_vpc_network",
      "name": "develop",
      "provider": "provider[\"registry.terraform.io/yandex-cloud/yandex\"]",
      "instances": [
        {
          "schema_version": 0,
          "attributes": {
            "created_at": "2023-03-29T14:39:12Z",
            "default_security_group_id": "",
            "description": "",
            "folder_id": "b1gch5k5t1moacc510m8",
            "id": "enpqkau02sii86kirhuh",
            "labels": {},
            "name": "develop",
            "subnet_ids": [],
            "timeouts": null
          },
          "sensitive_attributes": [],
          "private": "eyJlMmJmYjczMC1lY2FhLTExZTYtOGY4OC0zNDM2M2JjN2M0YzAiOnsiY3JlYXRlIjo2MDAwMDAwMDAwMCwiZGVsZXRlIjo2MDAwMDAwMDAwMCwidXBkYXRlIjo2MDAwMDAwMDAwMH19"
        }
      ]
    },
    {
      "mode": "managed",
      "type": "yandex_vpc_security_group",
      "name": "example",
      "provider": "provider[\"registry.terraform.io/yandex-cloud/yandex\"]",
      "instances": [
        {
          "schema_version": 0,
          "attributes": {
            "created_at": "2023-03-29T14:39:13Z",
            "description": "",
            "egress": [
              {
                "description": "разрешить весь исходящий трафик",
                "from_port": 0,
                "id": "enpag613k7rduee469c2",
                "labels": {},
                "port": -1,
                "predefined_target": "",
                "protocol": "TCP",
                "security_group_id": "",
                "to_port": 65365,
                "v4_cidr_blocks": [
                  "0.0.0.0/0"
                ],
                "v6_cidr_blocks": []
              }
            ],
            "folder_id": "b1gch5k5t1moacc510m8",
            "id": "enpa5hbfg1kehl7fphpp",
            "ingress": [
              {
                "description": "разрешить входящий  http",
                "from_port": -1,
                "id": "enpdkl3tb5urg4tqom2s",
                "labels": {},
                "port": 80,
                "predefined_target": "",
                "protocol": "TCP",
                "security_group_id": "",
                "to_port": -1,
                "v4_cidr_blocks": [
                  "0.0.0.0/0"
                ],
                "v6_cidr_blocks": []
              },
              {
                "description": "разрешить входящий https",
                "from_port": -1,
                "id": "enprbef1bncqt6avtav0",
                "labels": {},
                "port": 443,
                "predefined_target": "",
                "protocol": "TCP",
                "security_group_id": "",
                "to_port": -1,
                "v4_cidr_blocks": [
                  "0.0.0.0/0"
                ],
                "v6_cidr_blocks": []
              },
              {
                "description": "разрешить входящий ssh",
                "from_port": -1,
                "id": "enp1amlu0u4ir80ijalr",
                "labels": {},
                "port": 22,
                "predefined_target": "",
                "protocol": "TCP",
                "security_group_id": "",
                "to_port": -1,
                "v4_cidr_blocks": [
                  "0.0.0.0/0"
                ],
                "v6_cidr_blocks": []
              }
            ],
            "labels": {},
            "name": "example_dynamic",
            "network_id": "enpqkau02sii86kirhuh",
            "status": "ACTIVE",
            "timeouts": null
          },
          "sensitive_attributes": [],
          "private": "eyJlMmJmYjczMC1lY2FhLTExZTYtOGY4OC0zNDM2M2JjN2M0YzAiOnsiY3JlYXRlIjoxODAwMDAwMDAwMDAsImRlbGV0ZSI6MTgwMDAwMDAwMDAwLCJ1cGRhdGUiOjE4MDAwMDAwMDAwMH19",
          "dependencies": [
            "yandex_vpc_network.develop"
          ]
        }
      ]
    },
    {
      "mode": "managed",
      "type": "yandex_vpc_subnet",
      "name": "develop",
      "provider": "provider[\"registry.terraform.io/yandex-cloud/yandex\"]",
      "instances": [
        {
          "schema_version": 0,
          "attributes": {
            "created_at": "2023-03-29T14:39:13Z",
            "description": "",
            "dhcp_options": [],
            "folder_id": "b1gch5k5t1moacc510m8",
            "id": "e9bu8bckokbuuiifd366",
            "labels": {},
            "name": "develop",
            "network_id": "enpqkau02sii86kirhuh",
            "route_table_id": "",
            "timeouts": null,
            "v4_cidr_blocks": [
              "10.0.1.0/24"
            ],
            "v6_cidr_blocks": [],
            "zone": "ru-central1-a"
          },
          "sensitive_attributes": [],
          "private": "eyJlMmJmYjczMC1lY2FhLTExZTYtOGY4OC0zNDM2M2JjN2M0YzAiOnsiY3JlYXRlIjoxODAwMDAwMDAwMDAsImRlbGV0ZSI6MTgwMDAwMDAwMDAwLCJ1cGRhdGUiOjE4MDAwMDAwMDAwMH19",
          "dependencies": [
            "yandex_vpc_network.develop"
          ]
        }
      ]
    }
  ],
  "check_results": null
}
